# This file is automatically @generated by Cargo.
# It is not intended for manual editing.
version = 3

[[package]]
name = "autocfg"
version = "1.2.0"
source = "registry+https://github.com/rust-lang/crates.io-index"
checksum = "f1fdabc7756949593fe60f30ec81974b613357de856987752631dea1e3394c80"

[[package]]
name = "c2rust-bitfields"
version = "0.18.0"
source = "registry+https://github.com/rust-lang/crates.io-index"
checksum = "b43c3f07ab0ef604fa6f595aa46ec2f8a22172c975e186f6f5bf9829a3b72c41"
dependencies = [
 "c2rust-bitfields-derive",
]

[[package]]
name = "c2rust-bitfields-derive"
version = "0.18.0"
source = "registry+https://github.com/rust-lang/crates.io-index"
checksum = "d3cbc102e2597c9744c8bd8c15915d554300601c91a079430d309816b0912545"
dependencies = [
 "proc-macro2",
 "quote",
 "syn",
]

[[package]]
name = "cc"
version = "1.0.90"
source = "registry+https://github.com/rust-lang/crates.io-index"
checksum = "8cd6604a82acf3039f1144f54b8eb34e91ffba622051189e71b781822d5ee1f5"

[[package]]
name = "cfs_rust_amalgamated"
version = "0.1.0"
dependencies = [
 "c2rust-bitfields",
 "f128",
 "libc",
 "memoffset",
]

[[package]]
name = "f128"
version = "0.2.9"
source = "registry+https://github.com/rust-lang/crates.io-index"
checksum = "0b7d29530784c8b9e49eccb10c95abc69ac72e9e7eb29cb2649b13e08f766d2c"
dependencies = [
 "f128_input",
 "f128_internal",
 "libc",
 "num-traits",
]

[[package]]
name = "f128_input"
version = "0.2.1"
source = "registry+https://github.com/rust-lang/crates.io-index"
checksum = "18a821a6f74745607a8c99c932a8f513e6e7d6ee63725ec95511edf4a94510bb"
dependencies = [
 "f128_internal",
]

[[package]]
name = "f128_internal"
version = "0.2.2"
source = "registry+https://github.com/rust-lang/crates.io-index"
checksum = "9708a33de3cda4e6636670c1af561635fe249cb817dda1a14ec18fe9dda0a99d"
dependencies = [
 "cc",
 "libc",
 "num-traits",
]

[[package]]
name = "libc"
version = "0.2.153"
source = "registry+https://github.com/rust-lang/crates.io-index"
checksum = "9c198f91728a82281a64e1f4f9eeb25d82cb32a5de251c6bd1b5154d63a8e7bd"

[[package]]
name = "memoffset"
version = "0.9.1"
source = "registry+https://github.com/rust-lang/crates.io-index"
checksum = "488016bfae457b036d996092f6cb448677611ce4449e970ceaf42695203f218a"
dependencies = [
 "autocfg",
]

[[package]]
name = "num-traits"
version = "0.2.18"
source = "registry+https://github.com/rust-lang/crates.io-index"
checksum = "da0df0e5185db44f69b44f26786fe401b6c293d1907744beaa7fa62b2e5a517a"
dependencies = [
 "autocfg",
]

[[package]]
name = "proc-macro2"
version = "1.0.79"
source = "registry+https://github.com/rust-lang/crates.io-index"
checksum = "e835ff2298f5721608eb1a980ecaee1aef2c132bf95ecc026a11b7bf3c01c02e"
dependencies = [
 "unicode-ident",
]

[[package]]
name = "quote"
version = "1.0.35"
source = "registry+https://github.com/rust-lang/crates.io-index"
checksum = "291ec9ab5efd934aaf503a6466c5d5251535d108ee747472c3977cc5acc868ef"
dependencies = [
 "proc-macro2",
]

[[package]]
name = "syn"
version = "1.0.109"
source = "registry+https://github.com/rust-lang/crates.io-index"
checksum = "72b64191b275b66ffe2469e8af2c1cfe3bafa67b529ead792a6d0160888b4237"
dependencies = [
 "proc-macro2",
 "quote",
 "unicode-ident",
]

[[package]]
name = "unicode-ident"
version = "1.0.12"
source = "registry+https://github.com/rust-lang/crates.io-index"
checksum = "3354b9ac3fae1ff6755cb6db53683adb661634f67557942dea4facebec0fee4b"
